
Microsoft Visual Studio Solution File, Format Version 12.00
# Visual Studio Version 17
VisualStudioVersion = 17.5.001.0
MinimumVisualStudioVersion = 10.0.40219.1
Project("{9A19103F-16F7-4668-BE54-9A1E7A4F7556}") = "AllPatterns", "AllPatterns.csproj", "{F5EDC276-D8E4-45F6-A483-05FF5011E649}"
EndProject
Global
	GlobalSection(SolutionConfigurationPlatforms) = preSolution
		Debug|Any CPU = Debug|Any CPU
		Release|Any CPU = Release|Any CPU
	EndGlobalSection
	GlobalSection(ProjectConfigurationPlatforms) = postSolution
		{F5EDC276-D8E4-45F6-A483-05FF5011E649}.Debug|Any CPU.ActiveCfg = Debug|Any CPU
		{F5EDC276-D8E4-45F6-A483-05FF5011E649}.Debug|Any CPU.Build.0 = Debug|Any CPU
		{F5EDC276-D8E4-45F6-A483-05FF5011E649}.Release|Any CPU.ActiveCfg = Release|Any CPU
		{F5EDC276-D8E4-45F6-A483-05FF5011E649}.Release|Any CPU.Build.0 = Release|Any CPU
	EndGlobalSection
	GlobalSection(SolutionProperties) = preSolution
		HideSolutionNode = FALSE
	EndGlobalSection
	GlobalSection(ExtensibilityGlobals) = postSolution
		SolutionGuid = {950BF9B8-A712-403D-9FD8-546A798913E5}
	EndGlobalSection
EndGlobal
